
Microsoft Visual Studio Solution File, Format Version 12.00
# Visual Studio 15
VisualStudioVersion = 15.0.28307.1500
MinimumVisualStudioVersion = 10.0.40219.1
Project("{FAE04EC0-301F-11D3-BF4B-00C04F79EFBC}") = "Uri_1052", "Uri_1052\Uri_1052.csproj", "{90DEBA57-2D5D-4CA2-A076-9738DA57093F}"
EndProject
Global
	GlobalSection(SolutionConfigurationPlatforms) = preSolution
		Debug|Any CPU = Debug|Any CPU
		Release|Any CPU = Release|Any CPU
	EndGlobalSection
	GlobalSection(ProjectConfigurationPlatforms) = postSolution
		{90DEBA57-2D5D-4CA2-A076-9738DA57093F}.Debug|Any CPU.ActiveCfg = Debug|Any CPU
		{90DEBA57-2D5D-4CA2-A076-9738DA57093F}.Debug|Any CPU.Build.0 = Debug|Any CPU
		{90DEBA57-2D5D-4CA2-A076-9738DA57093F}.Release|Any CPU.ActiveCfg = Release|Any CPU
		{90DEBA57-2D5D-4CA2-A076-9738DA57093F}.Release|Any CPU.Build.0 = Release|Any CPU
	EndGlobalSection
	GlobalSection(SolutionProperties) = preSolution
		HideSolutionNode = FALSE
	EndGlobalSection
	GlobalSection(ExtensibilityGlobals) = postSolution
		SolutionGuid = {430A59BD-6F23-4749-BA88-B200CF703DB1}
	EndGlobalSection
EndGlobal
